// !$*UTF8*$!
{
	archiveVersion = 1;
	classes = {
	};
	objectVersion = 50;
	objects = {

/* Begin PBXBuildFile section */
		8C36BFE123FAC259003C97EE /* AppDelegate.swift in Sources */ = {isa = PBXBuildFile; fileRef = 8C36BFE023FAC259003C97EE /* AppDelegate.swift */; };
		8C36BFE323FAC259003C97EE /* SceneDelegate.swift in Sources */ = {isa = PBXBuildFile; fileRef = 8C36BFE223FAC259003C97EE /* SceneDelegate.swift */; };
		8C36BFE523FAC259003C97EE /* ViewController.swift in Sources */ = {isa = PBXBuildFile; fileRef = 8C36BFE423FAC259003C97EE /* ViewController.swift */; };
		8C36BFE823FAC259003C97EE /* Main.storyboard in Resources */ = {isa = PBXBuildFile; fileRef = 8C36BFE623FAC259003C97EE /* Main.storyboard */; };
		8C36BFEA23FAC25B003C97EE /* Assets.xcassets in Resources */ = {isa = PBXBuildFile; fileRef = 8C36BFE923FAC25B003C97EE /* Assets.xcassets */; };
		8C36BFED23FAC25B003C97EE /* LaunchScreen.storyboard in Resources */ = {isa = PBXBuildFile; fileRef = 8C36BFEB23FAC25B003C97EE /* LaunchScreen.storyboard */; };
/* End PBXBuildFile section */

/* Begin PBXFileReference section */
		8C36BFDD23FAC259003C97EE /* HelloWord.app */ = {isa = PBXFileReference; explicitFileType = wrapper.application; includeInIndex = 0; path = HelloWord.app; sourceTree = BUILT_PRODUCTS_DIR; };
		8C36BFE023FAC259003C97EE /* AppDelegate.swift */ = {isa = PBXFileReference; lastKnownFileType = sourcecode.swift; path = AppDelegate.swift; sourceTree = "<group>"; };
		8C36BFE223FAC259003C97EE /* SceneDelegate.swift */ = {isa = PBXFileReference; lastKnownFileType = sourcecode.swift; path = SceneDelegate.swift; sourceTree = "<group>"; };
		8C36BFE423FAC259003C97EE /* ViewController.swift */ = {isa = PBXFileReference; lastKnownFileType = sourcecode.swift; path = ViewController.swift; sourceTree = "<group>"; };
		8C36BFE723FAC259003C97EE /* Base */ = {isa = PBXFileReference; lastKnownFileType = file.storyboard; name = Base; path = Base.lproj/Main.storyboard; sourceTree = "<group>"; };
		8C36BFE923FAC25B003C97EE /* Assets.xcassets */ = {isa = PBXFileReference; lastKnownFileType = folder.assetcatalog; path = Assets.xcassets; sourceTree = "<group>"; };
		8C36BFEC23FAC25B003C97EE /* Base */ = {isa = PBXFileReference; lastKnownFileType = file.storyboard; name = Base; path = Base.lproj/LaunchScreen.storyboard; sourceTree = "<group>"; };
		8C36BFEE23FAC25B003C97EE /* Info.plist */ = {isa = PBXFileReference; lastKnownFileType = text.plist.xml; path = Info.plist; sourceTree = "<group>"; };
/* End PBXFileReference section */

/* Begin PBXFrameworksBuildPhase section */
		8C36BFDA23FAC259003C97EE /* Frameworks */ = {
			isa = PBXFrameworksBuildPhase;
			buildActionMask = 2147483647;
			files = (
			);
			runOnlyForDeploymentPostprocessing = 0;
		};
/* End PBXFrameworksBuildPhase section */

/* Begin PBXGroup section */
		8C36BFD423FAC259003C97EE = {
			isa = PBXGroup;
			children = (
				8C36BFDF23FAC259003C97EE /* HelloWord */,
				8C36BFDE23FAC259003C97EE /* Products */,
			);
			sourceTree = "<group>";
		};
		8C36BFDE23FAC259003C97EE /* Products */ = {
			isa = PBXGroup;
			children = (
				8C36BFDD23FAC259003C97EE /* HelloWord.app */,
			);
			name = Products;
			sourceTree = "<group>";
		};
		8C36BFDF23FAC259003C97EE /* HelloWord */ = {
			isa = PBXGroup;
			children = (
				8C36BFE023FAC259003C97EE /* AppDelegate.swift */,
				8C36BFE223FAC259003C97EE /* SceneDelegate.swift */,
				8C36BFE423FAC259003C97EE /* ViewController.swift */,
				8C36BFE623FAC259003C97EE /* Main.storyboard */,
				8C36BFE923FAC25B003C97EE /* Assets.xcassets */,
				8C36BFEB23FAC25B003C97EE /* LaunchScreen.storyboard */,
				8C36BFEE23FAC25B003C97EE /* Info.plist */,
			);
			path = HelloWord;
			sourceTree = "<group>";
		};
/* End PBXGroup section */

/* Begin PBXNativeTarget section */
		8C36BFDC23FAC259003C97EE /* HelloWord */ = {
			isa = PBXNativeTarget;
			buildConfigurationList = 8C36BFF123FAC25B003C97EE /* Build configuration list for PBXNativeTarget "HelloWord" */;
			buildPhases = (
				8C36BFD923FAC259003C97EE /* Sources */,
				8C36BFDA23FAC259003C97EE /* Frameworks */,
				8C36BFDB23FAC259003C97EE /* Resources */,
			);
			buildRules = (
			);
			dependencies = (
			);
			name = HelloWord;
			productName = HelloWord;
			productReference = 8C36BFDD23FAC259003C97EE /* HelloWord.app */;
			productType = "com.apple.product-type.application";
		};
/* End PBXNativeTarget section */

/* Begin PBXProject section */
		8C36BFD523FAC259003C97EE /* Project object */ = {
			isa = PBXProject;
			attributes = {
				LastSwiftUpdateCheck = 1110;
				LastUpgradeCheck = 1110;
				ORGANIZATIONNAME = yuuka.terada;
				TargetAttributes = {
					8C36BFDC23FAC259003C97EE = {
						CreatedOnToolsVersion = 11.1;
					};
				};
			};
			buildConfigurationList = 8C36BFD823FAC259003C97EE /* Build configuration list for PBXProject "HelloWord" */;
			compatibilityVersion = "Xcode 9.3";
			developmentRegion = en;
			hasScannedForEncodings = 0;
			knownRegions = (
				en,
				Base,
			);
			mainGroup = 8C36BFD423FAC259003C97EE;
			productRefGroup = 8C36BFDE23FAC259003C97EE /* Products */;
			projectDirPath = "";
			projectRoot = "";
			targets = (
				8C36BFDC23FAC259003C97EE /* HelloWord */,
			);
		};
/* End PBXProject section */

/* Begin PBXResourcesBuildPhase section */
		8C36BFDB23FAC259003C97EE /* Resources */ = {
			isa = PBXResourcesBuildPhase;
			buildActionMask = 2147483647;
			files = (
				8C36BFED23FAC25B003C97EE /* LaunchScreen.storyboard in Resources */,
				8C36BFEA23FAC25B003C97EE /* Assets.xcassets in Resources */,
				8C36BFE823FAC259003C97EE /* Main.storyboard in Resources */,
			);
			runOnlyForDeploymentPostprocessing = 0;
		};
/* End PBXResourcesBuildPhase section */

/* Begin PBXSourcesBuildPhase section */
		8C36BFD923FAC259003C97EE /* Sources */ = {
			isa = PBXSourcesBuildPhase;
			buildActionMask = 2147483647;
			files = (
				8C36BFE523FAC259003C97EE /* ViewController.swift in Sources */,
				8C36BFE123FAC259003C97EE /* AppDelegate.swift in Sources */,
				8C36BFE323FAC259003C97EE /* SceneDelegate.swift in Sources */,
			);
			runOnlyForDeploymentPostprocessing = 0;
		};
/* End PBXSourcesBuildPhase section */

/* Begin PBXVariantGroup section */
		8C36BFE623FAC259003C97EE /* Main.storyboard */ = {
			isa = PBXVariantGroup;
			children = (
				8C36BFE723FAC259003C97EE /* Base */,
			);
			name = Main.storyboard;
			sourceTree = "<group>";
		};
		8C36BFEB23FAC25B003C97EE /* LaunchScreen.storyboard */ = {
			isa = PBXVariantGroup;
			children = (
				8C36BFEC23FAC25B003C97EE /* Base */,
			);
			name = LaunchScreen.storyboard;
			sourceTree = "<group>";
		};
/* End PBXVariantGroup section */

/* Begin XCBuildConfiguration section */
		8C36BFEF23FAC25B003C97EE /* Debug */ = {
			isa = XCBuildConfiguration;
			buildSettings = {
				ALWAYS_SEARCH_USER_PATHS = NO;
				CLANG_ANALYZER_NONNULL = YES;
				CLANG_ANALYZER_NUMBER_OBJECT_CONVERSION = YES_AGGRESSIVE;
				CLANG_CXX_LANGUAGE_STANDARD = "gnu++14";
				CLANG_CXX_LIBRARY = "libc++";
				CLANG_ENABLE_MODULES = YES;
				CLANG_ENABLE_OBJC_ARC = YES;
				CLANG_ENABLE_OBJC_WEAK = YES;
				CLANG_WARN_BLOCK_CAPTURE_AUTORELEASING = YES;
				CLANG_WARN_BOOL_CONVERSION = YES;
				CLANG_WARN_COMMA = YES;
				CLANG_WARN_CONSTANT_CONVERSION = YES;
				CLANG_WARN_DEPRECATED_OBJC_IMPLEMENTATIONS = YES;
				CLANG_WARN_DIRECT_OBJC_ISA_USAGE = YES_ERROR;
				CLANG_WARN_DOCUMENTATION_COMMENTS = YES;
				CLANG_WARN_EMPTY_BODY = YES;
				CLANG_WARN_ENUM_CONVERSION = YES;
				CLANG_WARN_INFINITE_RECURSION = YES;
				CLANG_WARN_INT_CONVERSION = YES;
				CLANG_WARN_NON_LITERAL_NULL_CONVERSION = YES;
				CLANG_WARN_OBJC_IMPLICIT_RETAIN_SELF = YES;
				CLANG_WARN_OBJC_LITERAL_CONVERSION = YES;
				CLANG_WARN_OBJC_ROOT_CLASS = YES_ERROR;
				CLANG_WARN_RANGE_LOOP_ANALYSIS = YES;
				CLANG_WARN_STRICT_PROTOTYPES = YES;
				CLANG_WARN_SUSPICIOUS_MOVE = YES;
				CLANG_WARN_UNGUARDED_AVAILABILITY = YES_AGGRESSIVE;
				CLANG_WARN_UNREACHABLE_CODE = YES;
				CLANG_WARN__DUPLICATE_METHOD_MATCH = YES;
				COPY_PHASE_STRIP = NO;
				DEBUG_INFORMATION_FORMAT = dwarf;
				ENABLE_STRICT_OBJC_MSGSEND = YES;
				ENABLE_TESTABILITY = YES;
				GCC_C_LANGUAGE_STANDARD = gnu11;
				GCC_DYNAMIC_NO_PIC = NO;
				GCC_NO_COMMON_BLOCKS = YES;
				GCC_OPTIMIZATION_LEVEL = 0;
				GCC_PREPROCESSOR_DEFINITIONS = (
					"DEBUG=1",
					"$(inherited)",
				);
				GCC_WARN_64_TO_32_BIT_CONVERSION = YES;
				GCC_WARN_ABOUT_RETURN_TYPE = YES_ERROR;
				GCC_WARN_UNDECLARED_SELECTOR = YES;
				GCC_WARN_UNINITIALIZED_AUTOS = YES_AGGRESSIVE;
				GCC_WARN_UNUSED_FUNCTION = YES;
				GCC_WARN_UNUSED_VARIABLE = YES;
				IPHONEOS_DEPLOYMENT_TARGET = 13.1;
				MTL_ENABLE_DEBUG_INFO = INCLUDE_SOURCE;
				MTL_FAST_MATH = YES;
				ONLY_ACTIVE_ARCH = YES;
				SDKROOT = iphoneos;
				SWIFT_ACTIVE_COMPILATION_CONDITIONS = DEBUG;
				SWIFT_OPTIMIZATION_LEVEL = "-Onone";
			};
			name = Debug;
		};
		8C36BFF023FAC25B003C97EE /* Release */ = {
			isa = XCBuildConfiguration;
			buildSettings = {
				ALWAYS_SEARCH_USER_PATHS = NO;
				CLANG_ANALYZER_NONNULL = YES;
				CLANG_ANALYZER_NUMBER_OBJECT_CONVERSION = YES_AGGRESSIVE;
				CLANG_CXX_LANGUAGE_STANDARD = "gnu++14";
				CLANG_CXX_LIBRARY = "libc++";
				CLANG_ENABLE_MODULES = YES;
				CLANG_ENABLE_OBJC_ARC = YES;
				CLANG_ENABLE_OBJC_WEAK = YES;
				CLANG_WARN_BLOCK_CAPTURE_AUTORELEASING = YES;
				CLANG_WARN_BOOL_CONVERSION = YES;
				CLANG_WARN_COMMA = YES;
				CLANG_WARN_CONSTANT_CONVERSION = YES;
				CLANG_WARN_DEPRECATED_OBJC_IMPLEMENTATIONS = YES;
				CLANG_WARN_DIRECT_OBJC_ISA_USAGE = YES_ERROR;
				CLANG_WARN_DOCUMENTATION_COMMENTS = YES;
				CLANG_WARN_EMPTY_BODY = YES;
				CLANG_WARN_ENUM_CONVERSION = YES;
				CLANG_WARN_INFINITE_RECURSION = YES;
				CLANG_WARN_INT_CONVERSION = YES;
				CLANG_WARN_NON_LITERAL_NULL_CONVERSION = YES;
				CLANG_WARN_OBJC_IMPLICIT_RETAIN_SELF = YES;
				CLANG_WARN_OBJC_LITERAL_CONVERSION = YES;
				CLANG_WARN_OBJC_ROOT_CLASS = YES_ERROR;
				CLANG_WARN_RANGE_LOOP_ANALYSIS = YES;
				CLANG_WARN_STRICT_PROTOTYPES = YES;
				CLANG_WARN_SUSPICIOUS_MOVE = YES;
				CLANG_WARN_UNGUARDED_AVAILABILITY = YES_AGGRESSIVE;
				CLANG_WARN_UNREACHABLE_CODE = YES;
				CLANG_WARN__DUPLICATE_METHOD_MATCH = YES;
				COPY_PHASE_STRIP = NO;
				DEBUG_INFORMATION_FORMAT = "dwarf-with-dsym";
				ENABLE_NS_ASSERTIONS = NO;
				ENABLE_STRICT_OBJC_MSGSEND = YES;
				GCC_C_LANGUAGE_STANDARD = gnu11;
				GCC_NO_COMMON_BLOCKS = YES;
				GCC_WARN_64_TO_32_BIT_CONVERSION = YES;
				GCC_WARN_ABOUT_RETURN_TYPE = YES_ERROR;
				GCC_WARN_UNDECLARED_SELECTOR = YES;
				GCC_WARN_UNINITIALIZED_AUTOS = YES_AGGRESSIVE;
				GCC_WARN_UNUSED_FUNCTION = YES;
				GCC_WARN_UNUSED_VARIABLE = YES;
				IPHONEOS_DEPLOYMENT_TARGET = 13.1;
				MTL_ENABLE_DEBUG_INFO = NO;
				MTL_FAST_MATH = YES;
				SDKROOT = iphoneos;
				SWIFT_COMPILATION_MODE = wholemodule;
				SWIFT_OPTIMIZATION_LEVEL = "-O";
				VALIDATE_PRODUCT = YES;
			};
			name = Release;
		};
		8C36BFF223FAC25B003C97EE /* Debug */ = {
			isa = XCBuildConfiguration;
			buildSettings = {
				ASSETCATALOG_COMPILER_APPICON_NAME = AppIcon;
				CODE_SIGN_STYLE = Automatic;
				INFOPLIST_FILE = HelloWord/Info.plist;
				LD_RUNPATH_SEARCH_PATHS = (
					"$(inherited)",
					"@executable_path/Frameworks",
				);
				PRODUCT_BUNDLE_IDENTIFIER = jp.techacademy.yuuka.terada.HelloWord;
				PRODUCT_NAME = "$(TARGET_NAME)";
				SWIFT_VERSION = 5.0;
				TARGETED_DEVICE_FAMILY = "1,2";
			};
			name = Debug;
		};
		8C36BFF323FAC25B003C97EE /* Release */ = {
			isa = XCBuildConfiguration;
			buildSettings = {
				ASSETCATALOG_COMPILER_APPICON_NAME = AppIcon;
				CODE_SIGN_STYLE = Automatic;
				INFOPLIST_FILE = HelloWord/Info.plist;
				LD_RUNPATH_SEARCH_PATHS = (
					"$(inherited)",
					"@executable_path/Frameworks",
				);
				PRODUCT_BUNDLE_IDENTIFIER = jp.techacademy.yuuka.terada.HelloWord;
				PRODUCT_NAME = "$(TARGET_NAME)";
				SWIFT_VERSION = 5.0;
				TARGETED_DEVICE_FAMILY = "1,2";
			};
			name = Release;
		};
/* End XCBuildConfiguration section */

/* Begin XCConfigurationList section */
		8C36BFD823FAC259003C97EE /* Build configuration list for PBXProject "HelloWord" */ = {
			isa = XCConfigurationList;
			buildConfigurations = (
				8C36BFEF23FAC25B003C97EE /* Debug */,
				8C36BFF023FAC25B003C97EE /* Release */,
			);
			defaultConfigurationIsVisible = 0;
			defaultConfigurationName = Release;
		};
		8C36BFF123FAC25B003C97EE /* Build configuration list for PBXNativeTarget "HelloWord" */ = {
			isa = XCConfigurationList;
			buildConfigurations = (
				8C36BFF223FAC25B003C97EE /* Debug */,
				8C36BFF323FAC25B003C97EE /* Release */,
			);
			defaultConfigurationIsVisible = 0;
			defaultConfigurationName = Release;
		};
/* End XCConfigurationList section */
	};
	rootObject = 8C36BFD523FAC259003C97EE /* Project object */;
}
